// !$*UTF8*$!
{
	archiveVersion = 1;
	classes = {
	};
	objectVersion = 50;
	objects = {

/* Begin PBXBuildFile section */
		465A285BE2C6E704112BA5FB /* Pods_FunnyQuiz.framework in Frameworks */ = {isa = PBXBuildFile; fileRef = 8732FED21292212D8C709A2D /* Pods_FunnyQuiz.framework */; };
		A806D4112492847C00534999 /* PlayingQuizVC.swift in Sources */ = {isa = PBXBuildFile; fileRef = A806D40F2492847C00534999 /* PlayingQuizVC.swift */; };
		A806D4122492847C00534999 /* PlayingQuizVC.xib in Resources */ = {isa = PBXBuildFile; fileRef = A806D4102492847C00534999 /* PlayingQuizVC.xib */; };
		A80884E224A4F73C0092EA07 /* ShoppingVC.swift in Sources */ = {isa = PBXBuildFile; fileRef = A80884E024A4F73C0092EA07 /* ShoppingVC.swift */; };
		A80884E324A4F73C0092EA07 /* ShoppingVC.xib in Resources */ = {isa = PBXBuildFile; fileRef = A80884E124A4F73C0092EA07 /* ShoppingVC.xib */; };
		A8253B3524951C3D00310EC0 /* ListUserVC.swift in Sources */ = {isa = PBXBuildFile; fileRef = A8253B3324951C3D00310EC0 /* ListUserVC.swift */; };
		A8253B3624951C3D00310EC0 /* ListUserVC.xib in Resources */ = {isa = PBXBuildFile; fileRef = A8253B3424951C3D00310EC0 /* ListUserVC.xib */; };
		A8253B3A24951CE200310EC0 /* UserCell.swift in Sources */ = {isa = PBXBuildFile; fileRef = A8253B3824951CE200310EC0 /* UserCell.swift */; };
		A8253B3B24951CE200310EC0 /* UserCell.xib in Resources */ = {isa = PBXBuildFile; fileRef = A8253B3924951CE200310EC0 /* UserCell.xib */; };
		A8253B402495339500310EC0 /* ChangePasswordVC.swift in Sources */ = {isa = PBXBuildFile; fileRef = A8253B3E2495339500310EC0 /* ChangePasswordVC.swift */; };
		A8253B412495339500310EC0 /* ChangePasswordVC.xib in Resources */ = {isa = PBXBuildFile; fileRef = A8253B3F2495339500310EC0 /* ChangePasswordVC.xib */; };
		A8253B432495382C00310EC0 /* SessionData.swift in Sources */ = {isa = PBXBuildFile; fileRef = A8253B422495382C00310EC0 /* SessionData.swift */; };
		A835BEF0249BC34500EE27A3 /* VehicleQuiz.swift in Sources */ = {isa = PBXBuildFile; fileRef = A835BEEF249BC34500EE27A3 /* VehicleQuiz.swift */; };
		A835BEF4249BD2E700EE27A3 /* ForgotPasswordVC.swift in Sources */ = {isa = PBXBuildFile; fileRef = A835BEF2249BD2E700EE27A3 /* ForgotPasswordVC.swift */; };
		A835BEF5249BD2E700EE27A3 /* ForgotPasswordVC.xib in Resources */ = {isa = PBXBuildFile; fileRef = A835BEF3249BD2E700EE27A3 /* ForgotPasswordVC.xib */; };
		A83A80DD24926C7600D76D15 /* QuizColCell.swift in Sources */ = {isa = PBXBuildFile; fileRef = A83A80DB24926C7600D76D15 /* QuizColCell.swift */; };
		A83A80DE24926C7600D76D15 /* QuizColCell.xib in Resources */ = {isa = PBXBuildFile; fileRef = A83A80DC24926C7600D76D15 /* QuizColCell.xib */; };
		A8471A1A248D2AC4004A80BD /* AppDelegate.swift in Sources */ = {isa = PBXBuildFile; fileRef = A8471A19248D2AC4004A80BD /* AppDelegate.swift */; };
		A8471A1C248D2AC4004A80BD /* SceneDelegate.swift in Sources */ = {isa = PBXBuildFile; fileRef = A8471A1B248D2AC4004A80BD /* SceneDelegate.swift */; };
		A8471A1E248D2AC4004A80BD /* ViewController.swift in Sources */ = {isa = PBXBuildFile; fileRef = A8471A1D248D2AC4004A80BD /* ViewController.swift */; };
		A8471A21248D2AC4004A80BD /* Main.storyboard in Resources */ = {isa = PBXBuildFile; fileRef = A8471A1F248D2AC4004A80BD /* Main.storyboard */; };
		A8471A23248D2AC5004A80BD /* Assets.xcassets in Resources */ = {isa = PBXBuildFile; fileRef = A8471A22248D2AC5004A80BD /* Assets.xcassets */; };
		A8471A26248D2AC5004A80BD /* LaunchScreen.storyboard in Resources */ = {isa = PBXBuildFile; fileRef = A8471A24248D2AC5004A80BD /* LaunchScreen.storyboard */; };
		A8471A32248D2C8A004A80BD /* Quicksand-Bold.ttf in Resources */ = {isa = PBXBuildFile; fileRef = A8471A2E248D2C8A004A80BD /* Quicksand-Bold.ttf */; };
		A8471A33248D2C8A004A80BD /* Quicksand-Light.ttf in Resources */ = {isa = PBXBuildFile; fileRef = A8471A2F248D2C8A004A80BD /* Quicksand-Light.ttf */; };
		A8471A34248D2C8A004A80BD /* Quicksand-Regular.ttf in Resources */ = {isa = PBXBuildFile; fileRef = A8471A30248D2C8A004A80BD /* Quicksand-Regular.ttf */; };
		A8471A35248D2C8A004A80BD /* Quicksand-Medium.ttf in Resources */ = {isa = PBXBuildFile; fileRef = A8471A31248D2C8A004A80BD /* Quicksand-Medium.ttf */; };
		A8471A3B248D3939004A80BD /* Constant.swift in Sources */ = {isa = PBXBuildFile; fileRef = A8471A3A248D3939004A80BD /* Constant.swift */; };
		A8471A41248D3B4A004A80BD /* RegisterVC.swift in Sources */ = {isa = PBXBuildFile; fileRef = A8471A3F248D3B4A004A80BD /* RegisterVC.swift */; };
		A8471A42248D3B4A004A80BD /* RegisterVC.xib in Resources */ = {isa = PBXBuildFile; fileRef = A8471A40248D3B4A004A80BD /* RegisterVC.xib */; };
		A8471A45248D3FF4004A80BD /* BaseViewController.swift in Sources */ = {isa = PBXBuildFile; fileRef = A8471A44248D3FF4004A80BD /* BaseViewController.swift */; };
		A8471A47248D481F004A80BD /* GoogleService-Info.plist in Resources */ = {isa = PBXBuildFile; fileRef = A8471A46248D481F004A80BD /* GoogleService-Info.plist */; };
		A8471A49248D50C4004A80BD /* Extensions.swift in Sources */ = {isa = PBXBuildFile; fileRef = A8471A48248D50C4004A80BD /* Extensions.swift */; };
		A8471A4B248D542C004A80BD /* User.swift in Sources */ = {isa = PBXBuildFile; fileRef = A8471A4A248D542C004A80BD /* User.swift */; };
		A8471A4D248D55A0004A80BD /* Tabbar.storyboard in Resources */ = {isa = PBXBuildFile; fileRef = A8471A4C248D55A0004A80BD /* Tabbar.storyboard */; };
		A85DCE822491CAE2006967A8 /* QuizManagementVC.swift in Sources */ = {isa = PBXBuildFile; fileRef = A85DCE802491CAE2006967A8 /* QuizManagementVC.swift */; };
		A85DCE832491CAE2006967A8 /* QuizManagementVC.xib in Resources */ = {isa = PBXBuildFile; fileRef = A85DCE812491CAE2006967A8 /* QuizManagementVC.xib */; };
		A85DCE872491CB10006967A8 /* NewQuizVC.swift in Sources */ = {isa = PBXBuildFile; fileRef = A85DCE852491CB10006967A8 /* NewQuizVC.swift */; };
		A85DCE882491CB10006967A8 /* NewQuizVC.xib in Resources */ = {isa = PBXBuildFile; fileRef = A85DCE862491CB10006967A8 /* NewQuizVC.xib */; };
		A85DCE8A24920D0B006967A8 /* Quiz.swift in Sources */ = {isa = PBXBuildFile; fileRef = A85DCE8924920D0B006967A8 /* Quiz.swift */; };
		A873BFD32497B3B2002BF85D /* CampingQuiz.swift in Sources */ = {isa = PBXBuildFile; fileRef = A873BFD22497B3B2002BF85D /* CampingQuiz.swift */; };
		A873BFD52497C762002BF85D /* WeaponQuiz.swift in Sources */ = {isa = PBXBuildFile; fileRef = A873BFD42497C762002BF85D /* WeaponQuiz.swift */; };
		A873BFD72497CEBD002BF85D /* JobQuiz.swift in Sources */ = {isa = PBXBuildFile; fileRef = A873BFD62497CEBD002BF85D /* JobQuiz.swift */; };
		A8B3BE33249610A500DA5905 /* AchievementVC.swift in Sources */ = {isa = PBXBuildFile; fileRef = A8B3BE31249610A500DA5905 /* AchievementVC.swift */; };
		A8B3BE34249610A500DA5905 /* AchievementVC.xib in Resources */ = {isa = PBXBuildFile; fileRef = A8B3BE32249610A500DA5905 /* AchievementVC.xib */; };
		A8B3BE362496120C00DA5905 /* Achievement.swift in Sources */ = {isa = PBXBuildFile; fileRef = A8B3BE352496120C00DA5905 /* Achievement.swift */; };
		A8B3BE39249667EB00DA5905 /* RevenueVC.swift in Sources */ = {isa = PBXBuildFile; fileRef = A8B3BE37249667EB00DA5905 /* RevenueVC.swift */; };
		A8B3BE3A249667EB00DA5905 /* RevenueVC.xib in Resources */ = {isa = PBXBuildFile; fileRef = A8B3BE38249667EB00DA5905 /* RevenueVC.xib */; };
		A8B3BE3C2496838F00DA5905 /* RandomNumber.swift in Sources */ = {isa = PBXBuildFile; fileRef = A8B3BE3B2496838F00DA5905 /* RandomNumber.swift */; };
		A8B3BE402496937000DA5905 /* AnimalQuiz.swift in Sources */ = {isa = PBXBuildFile; fileRef = A8B3BE3F2496937000DA5905 /* AnimalQuiz.swift */; };
		A8BA44C0249128340003C109 /* QuizVC.swift in Sources */ = {isa = PBXBuildFile; fileRef = A8BA44BF249128340003C109 /* QuizVC.swift */; };
		A8BA44C32491296C0003C109 /* AccountVC.swift in Sources */ = {isa = PBXBuildFile; fileRef = A8BA44C22491296C0003C109 /* AccountVC.swift */; };
		A8D318FD24A0EE4D00475C0A /* StoreKit.framework in Frameworks */ = {isa = PBXBuildFile; fileRef = A8D318FC24A0EE4D00475C0A /* StoreKit.framework */; };
		A8FB6968249A7455008BDB9F /* SportQuiz.swift in Sources */ = {isa = PBXBuildFile; fileRef = A8FB6967249A7455008BDB9F /* SportQuiz.swift */; };
		A8FB696C249A8F69008BDB9F /* ForceUpdateVC.swift in Sources */ = {isa = PBXBuildFile; fileRef = A8FB696A249A8F69008BDB9F /* ForceUpdateVC.swift */; };
		A8FB696D249A8F69008BDB9F /* ForceUpdateVC.xib in Resources */ = {isa = PBXBuildFile; fileRef = A8FB696B249A8F69008BDB9F /* ForceUpdateVC.xib */; };
/* End PBXBuildFile section */

/* Begin PBXFileReference section */
		6C93E7E2137CD065510360AD /* Pods-FunnyQuiz.release.xcconfig */ = {isa = PBXFileReference; includeInIndex = 1; lastKnownFileType = text.xcconfig; name = "Pods-FunnyQuiz.release.xcconfig"; path = "Target Support Files/Pods-FunnyQuiz/Pods-FunnyQuiz.release.xcconfig"; sourceTree = "<group>"; };
		8732FED21292212D8C709A2D /* Pods_FunnyQuiz.framework */ = {isa = PBXFileReference; explicitFileType = wrapper.framework; includeInIndex = 0; path = Pods_FunnyQuiz.framework; sourceTree = BUILT_PRODUCTS_DIR; };
		8E8374FE6B4F3F09C774EDC8 /* Pods-FunnyQuiz.debug.xcconfig */ = {isa = PBXFileReference; includeInIndex = 1; lastKnownFileType = text.xcconfig; name = "Pods-FunnyQuiz.debug.xcconfig"; path = "Target Support Files/Pods-FunnyQuiz/Pods-FunnyQuiz.debug.xcconfig"; sourceTree = "<group>"; };
		A806D40F2492847C00534999 /* PlayingQuizVC.swift */ = {isa = PBXFileReference; lastKnownFileType = sourcecode.swift; path = PlayingQuizVC.swift; sourceTree = "<group>"; };
		A806D4102492847C00534999 /* PlayingQuizVC.xib */ = {isa = PBXFileReference; lastKnownFileType = file.xib; path = PlayingQuizVC.xib; sourceTree = "<group>"; };
		A80884E024A4F73C0092EA07 /* ShoppingVC.swift */ = {isa = PBXFileReference; lastKnownFileType = sourcecode.swift; path = ShoppingVC.swift; sourceTree = "<group>"; };
		A80884E124A4F73C0092EA07 /* ShoppingVC.xib */ = {isa = PBXFileReference; lastKnownFileType = file.xib; path = ShoppingVC.xib; sourceTree = "<group>"; };
		A8253B3324951C3D00310EC0 /* ListUserVC.swift */ = {isa = PBXFileReference; lastKnownFileType = sourcecode.swift; path = ListUserVC.swift; sourceTree = "<group>"; };
		A8253B3424951C3D00310EC0 /* ListUserVC.xib */ = {isa = PBXFileReference; lastKnownFileType = file.xib; path = ListUserVC.xib; sourceTree = "<group>"; };
		A8253B3824951CE200310EC0 /* UserCell.swift */ = {isa = PBXFileReference; lastKnownFileType = sourcecode.swift; path = UserCell.swift; sourceTree = "<group>"; };
		A8253B3924951CE200310EC0 /* UserCell.xib */ = {isa = PBXFileReference; lastKnownFileType = file.xib; path = UserCell.xib; sourceTree = "<group>"; };
		A8253B3E2495339500310EC0 /* ChangePasswordVC.swift */ = {isa = PBXFileReference; lastKnownFileType = sourcecode.swift; path = ChangePasswordVC.swift; sourceTree = "<group>"; };
		A8253B3F2495339500310EC0 /* ChangePasswordVC.xib */ = {isa = PBXFileReference; lastKnownFileType = file.xib; path = ChangePasswordVC.xib; sourceTree = "<group>"; };
		A8253B422495382C00310EC0 /* SessionData.swift */ = {isa = PBXFileReference; lastKnownFileType = sourcecode.swift; path = SessionData.swift; sourceTree = "<group>"; };
		A835BEEF249BC34500EE27A3 /* VehicleQuiz.swift */ = {isa = PBXFileReference; lastKnownFileType = sourcecode.swift; path = VehicleQuiz.swift; sourceTree = "<group>"; };
		A835BEF2249BD2E700EE27A3 /* ForgotPasswordVC.swift */ = {isa = PBXFileReference; lastKnownFileType = sourcecode.swift; path = ForgotPasswordVC.swift; sourceTree = "<group>"; };
		A835BEF3249BD2E700EE27A3 /* ForgotPasswordVC.xib */ = {isa = PBXFileReference; lastKnownFileType = file.xib; path = ForgotPasswordVC.xib; sourceTree = "<group>"; };
		A83A80DB24926C7600D76D15 /* QuizColCell.swift */ = {isa = PBXFileReference; lastKnownFileType = sourcecode.swift; path = QuizColCell.swift; sourceTree = "<group>"; };
		A83A80DC24926C7600D76D15 /* QuizColCell.xib */ = {isa = PBXFileReference; lastKnownFileType = file.xib; path = QuizColCell.xib; sourceTree = "<group>"; };
		A8471A16248D2AC4004A80BD /* FunnyQuiz.app */ = {isa = PBXFileReference; explicitFileType = wrapper.application; includeInIndex = 0; path = FunnyQuiz.app; sourceTree = BUILT_PRODUCTS_DIR; };
		A8471A19248D2AC4004A80BD /* AppDelegate.swift */ = {isa = PBXFileReference; lastKnownFileType = sourcecode.swift; path = AppDelegate.swift; sourceTree = "<group>"; };
		A8471A1B248D2AC4004A80BD /* SceneDelegate.swift */ = {isa = PBXFileReference; lastKnownFileType = sourcecode.swift; path = SceneDelegate.swift; sourceTree = "<group>"; };
		A8471A1D248D2AC4004A80BD /* ViewController.swift */ = {isa = PBXFileReference; lastKnownFileType = sourcecode.swift; path = ViewController.swift; sourceTree = "<group>"; };
		A8471A20248D2AC4004A80BD /* Base */ = {isa = PBXFileReference; lastKnownFileType = file.storyboard; name = Base; path = Base.lproj/Main.storyboard; sourceTree = "<group>"; };
		A8471A22248D2AC5004A80BD /* Assets.xcassets */ = {isa = PBXFileReference; lastKnownFileType = folder.assetcatalog; path = Assets.xcassets; sourceTree = "<group>"; };
		A8471A25248D2AC5004A80BD /* Base */ = {isa = PBXFileReference; lastKnownFileType = file.storyboard; name = Base; path = Base.lproj/LaunchScreen.storyboard; sourceTree = "<group>"; };
		A8471A27248D2AC5004A80BD /* Info.plist */ = {isa = PBXFileReference; lastKnownFileType = text.plist.xml; path = Info.plist; sourceTree = "<group>"; };
		A8471A2E248D2C8A004A80BD /* Quicksand-Bold.ttf */ = {isa = PBXFileReference; lastKnownFileType = file; path = "Quicksand-Bold.ttf"; sourceTree = "<group>"; };
		A8471A2F248D2C8A004A80BD /* Quicksand-Light.ttf */ = {isa = PBXFileReference; lastKnownFileType = file; path = "Quicksand-Light.ttf"; sourceTree = "<group>"; };
		A8471A30248D2C8A004A80BD /* Quicksand-Regular.ttf */ = {isa = PBXFileReference; lastKnownFileType = file; path = "Quicksand-Regular.ttf"; sourceTree = "<group>"; };
		A8471A31248D2C8A004A80BD /* Quicksand-Medium.ttf */ = {isa = PBXFileReference; lastKnownFileType = file; path = "Quicksand-Medium.ttf"; sourceTree = "<group>"; };
		A8471A3A248D3939004A80BD /* Constant.swift */ = {isa = PBXFileReference; lastKnownFileType = sourcecode.swift; path = Constant.swift; sourceTree = "<group>"; };
		A8471A3F248D3B4A004A80BD /* RegisterVC.swift */ = {isa = PBXFileReference; lastKnownFileType = sourcecode.swift; path = RegisterVC.swift; sourceTree = "<group>"; };
		A8471A40248D3B4A004A80BD /* RegisterVC.xib */ = {isa = PBXFileReference; lastKnownFileType = file.xib; path = RegisterVC.xib; sourceTree = "<group>"; };
		A8471A44248D3FF4004A80BD /* BaseViewController.swift */ = {isa = PBXFileReference; lastKnownFileType = sourcecode.swift; path = BaseViewController.swift; sourceTree = "<group>"; };
		A8471A46248D481F004A80BD /* GoogleService-Info.plist */ = {isa = PBXFileReference; fileEncoding = 4; lastKnownFileType = text.plist.xml; path = "GoogleService-Info.plist"; sourceTree = "<group>"; };
		A8471A48248D50C4004A80BD /* Extensions.swift */ = {isa = PBXFileReference; lastKnownFileType = sourcecode.swift; path = Extensions.swift; sourceTree = "<group>"; };
		A8471A4A248D542C004A80BD /* User.swift */ = {isa = PBXFileReference; lastKnownFileType = sourcecode.swift; name = User.swift; path = FunnyQuiz/Base/User.swift; sourceTree = SOURCE_ROOT; };
		A8471A4C248D55A0004A80BD /* Tabbar.storyboard */ = {isa = PBXFileReference; lastKnownFileType = file.storyboard; path = Tabbar.storyboard; sourceTree = "<group>"; };
		A85DCE802491CAE2006967A8 /* QuizManagementVC.swift */ = {isa = PBXFileReference; lastKnownFileType = sourcecode.swift; path = QuizManagementVC.swift; sourceTree = "<group>"; };
		A85DCE812491CAE2006967A8 /* QuizManagementVC.xib */ = {isa = PBXFileReference; lastKnownFileType = file.xib; path = QuizManagementVC.xib; sourceTree = "<group>"; };
		A85DCE852491CB10006967A8 /* NewQuizVC.swift */ = {isa = PBXFileReference; lastKnownFileType = sourcecode.swift; path = NewQuizVC.swift; sourceTree = "<group>"; };
		A85DCE862491CB10006967A8 /* NewQuizVC.xib */ = {isa = PBXFileReference; lastKnownFileType = file.xib; path = NewQuizVC.xib; sourceTree = "<group>"; };
		A85DCE8924920D0B006967A8 /* Quiz.swift */ = {isa = PBXFileReference; lastKnownFileType = sourcecode.swift; name = Quiz.swift; path = FunnyQuiz/Controller/TabAccount/Admin/Quiz/Quiz.swift; sourceTree = SOURCE_ROOT; };
		A873BFD22497B3B2002BF85D /* CampingQuiz.swift */ = {isa = PBXFileReference; lastKnownFileType = sourcecode.swift; path = CampingQuiz.swift; sourceTree = "<group>"; };
		A873BFD42497C762002BF85D /* WeaponQuiz.swift */ = {isa = PBXFileReference; lastKnownFileType = sourcecode.swift; path = WeaponQuiz.swift; sourceTree = "<group>"; };
		A873BFD62497CEBD002BF85D /* JobQuiz.swift */ = {isa = PBXFileReference; lastKnownFileType = sourcecode.swift; path = JobQuiz.swift; sourceTree = "<group>"; };
		A8B3BE31249610A500DA5905 /* AchievementVC.swift */ = {isa = PBXFileReference; lastKnownFileType = sourcecode.swift; path = AchievementVC.swift; sourceTree = "<group>"; };
		A8B3BE32249610A500DA5905 /* AchievementVC.xib */ = {isa = PBXFileReference; lastKnownFileType = file.xib; path = AchievementVC.xib; sourceTree = "<group>"; };
		A8B3BE352496120C00DA5905 /* Achievement.swift */ = {isa = PBXFileReference; lastKnownFileType = sourcecode.swift; name = Achievement.swift; path = FunnyQuiz/Controller/TabAccount/User/Achievement/Achievement.swift; sourceTree = SOURCE_ROOT; };
		A8B3BE37249667EB00DA5905 /* RevenueVC.swift */ = {isa = PBXFileReference; lastKnownFileType = sourcecode.swift; path = RevenueVC.swift; sourceTree = "<group>"; };
		A8B3BE38249667EB00DA5905 /* RevenueVC.xib */ = {isa = PBXFileReference; lastKnownFileType = file.xib; path = RevenueVC.xib; sourceTree = "<group>"; };
		A8B3BE3B2496838F00DA5905 /* RandomNumber.swift */ = {isa = PBXFileReference; lastKnownFileType = sourcecode.swift; path = RandomNumber.swift; sourceTree = "<group>"; };
		A8B3BE3F2496937000DA5905 /* AnimalQuiz.swift */ = {isa = PBXFileReference; lastKnownFileType = sourcecode.swift; name = AnimalQuiz.swift; path = FunnyQuiz/Model/Quiz/AnimalQuiz.swift; sourceTree = SOURCE_ROOT; };
		A8BA44BF249128340003C109 /* QuizVC.swift */ = {isa = PBXFileReference; lastKnownFileType = sourcecode.swift; path = QuizVC.swift; sourceTree = "<group>"; };
		A8BA44C22491296C0003C109 /* AccountVC.swift */ = {isa = PBXFileReference; lastKnownFileType = sourcecode.swift; path = AccountVC.swift; sourceTree = "<group>"; };
		A8D318FB24A0EE3F00475C0A /* FunnyQuiz.entitlements */ = {isa = PBXFileReference; lastKnownFileType = text.plist.entitlements; path = FunnyQuiz.entitlements; sourceTree = "<group>"; };
		A8D318FC24A0EE4D00475C0A /* StoreKit.framework */ = {isa = PBXFileReference; lastKnownFileType = wrapper.framework; name = StoreKit.framework; path = System/Library/Frameworks/StoreKit.framework; sourceTree = SDKROOT; };
		A8FB6967249A7455008BDB9F /* SportQuiz.swift */ = {isa = PBXFileReference; lastKnownFileType = sourcecode.swift; path = SportQuiz.swift; sourceTree = "<group>"; };
		A8FB696A249A8F69008BDB9F /* ForceUpdateVC.swift */ = {isa = PBXFileReference; fileEncoding = 4; lastKnownFileType = sourcecode.swift; path = ForceUpdateVC.swift; sourceTree = "<group>"; };
		A8FB696B249A8F69008BDB9F /* ForceUpdateVC.xib */ = {isa = PBXFileReference; fileEncoding = 4; lastKnownFileType = file.xib; path = ForceUpdateVC.xib; sourceTree = "<group>"; };
/* End PBXFileReference section */

/* Begin PBXFrameworksBuildPhase section */
		A8471A13248D2AC4004A80BD /* Frameworks */ = {
			isa = PBXFrameworksBuildPhase;
			buildActionMask = 2147483647;
			files = (
				465A285BE2C6E704112BA5FB /* Pods_FunnyQuiz.framework in Frameworks */,
				A8D318FD24A0EE4D00475C0A /* StoreKit.framework in Frameworks */,
			);
			runOnlyForDeploymentPostprocessing = 0;
		};
/* End PBXFrameworksBuildPhase section */

/* Begin PBXGroup section */
		5ADE5D982B3D0B48E60F707C /* Pods */ = {
			isa = PBXGroup;
			children = (
				8E8374FE6B4F3F09C774EDC8 /* Pods-FunnyQuiz.debug.xcconfig */,
				6C93E7E2137CD065510360AD /* Pods-FunnyQuiz.release.xcconfig */,
			);
			path = Pods;
			sourceTree = "<group>";
		};
		A8253B3124951C1700310EC0 /* User */ = {
			isa = PBXGroup;
			children = (
				A8253B3724951CC900310EC0 /* TableCell */,
				A8253B3324951C3D00310EC0 /* ListUserVC.swift */,
				A8253B3424951C3D00310EC0 /* ListUserVC.xib */,
			);
			path = User;
			sourceTree = "<group>";
		};
		A8253B3224951C2000310EC0 /* Revenue */ = {
			isa = PBXGroup;
			children = (
				A8B3BE37249667EB00DA5905 /* RevenueVC.swift */,
				A8B3BE38249667EB00DA5905 /* RevenueVC.xib */,
			);
			path = Revenue;
			sourceTree = "<group>";
		};
		A8253B3724951CC900310EC0 /* TableCell */ = {
			isa = PBXGroup;
			children = (
				A8253B3824951CE200310EC0 /* UserCell.swift */,
				A8253B3924951CE200310EC0 /* UserCell.xib */,
			);
			path = TableCell;
			sourceTree = "<group>";
		};
		A8253B3C2495334900310EC0 /* User */ = {
			isa = PBXGroup;
			children = (
				A8B3BE302496107000DA5905 /* Achievement */,
				A8253B3D2495335700310EC0 /* ChangePassword */,
			);
			path = User;
			sourceTree = "<group>";
		};
		A8253B3D2495335700310EC0 /* ChangePassword */ = {
			isa = PBXGroup;
			children = (
				A8253B3E2495339500310EC0 /* ChangePasswordVC.swift */,
				A8253B3F2495339500310EC0 /* ChangePasswordVC.xib */,
			);
			path = ChangePassword;
			sourceTree = "<group>";
		};
		A835BEF1249BD2BA00EE27A3 /* ForgotPassword */ = {
			isa = PBXGroup;
			children = (
				A835BEF2249BD2E700EE27A3 /* ForgotPasswordVC.swift */,
				A835BEF3249BD2E700EE27A3 /* ForgotPasswordVC.xib */,
			);
			path = ForgotPassword;
			sourceTree = "<group>";
		};
		A83A80DF24926C7D00D76D15 /* CollectionCell */ = {
			isa = PBXGroup;
			children = (
				A83A80DB24926C7600D76D15 /* QuizColCell.swift */,
				A83A80DC24926C7600D76D15 /* QuizColCell.xib */,
			);
			path = CollectionCell;
			sourceTree = "<group>";
		};
		A8471A0D248D2AC4004A80BD = {
			isa = PBXGroup;
			children = (
				A8471A18248D2AC4004A80BD /* FunnyQuiz */,
				A8471A17248D2AC4004A80BD /* Products */,
				5ADE5D982B3D0B48E60F707C /* Pods */,
				D64A3100FF84B6FE02B22400 /* Frameworks */,
			);
			sourceTree = "<group>";
		};
		A8471A17248D2AC4004A80BD /* Products */ = {
			isa = PBXGroup;
			children = (
				A8471A16248D2AC4004A80BD /* FunnyQuiz.app */,
			);
			name = Products;
			sourceTree = "<group>";
		};
		A8471A18248D2AC4004A80BD /* FunnyQuiz */ = {
			isa = PBXGroup;
			children = (
				A8D318FB24A0EE3F00475C0A /* FunnyQuiz.entitlements */,
				A8471A3D248D3B1E004A80BD /* Controller */,
				A8471A39248D3926004A80BD /* Base */,
				A8471A37248D3516004A80BD /* View */,
				A8471A36248D350E004A80BD /* Model */,
				A8471A2D248D2C77004A80BD /* Fonts */,
				A8471A19248D2AC4004A80BD /* AppDelegate.swift */,
				A8471A1B248D2AC4004A80BD /* SceneDelegate.swift */,
				A8471A22248D2AC5004A80BD /* Assets.xcassets */,
				A8471A24248D2AC5004A80BD /* LaunchScreen.storyboard */,
				A8471A27248D2AC5004A80BD /* Info.plist */,
				A8471A46248D481F004A80BD /* GoogleService-Info.plist */,
			);
			path = FunnyQuiz;
			sourceTree = "<group>";
		};
		A8471A2D248D2C77004A80BD /* Fonts */ = {
			isa = PBXGroup;
			children = (
				A8471A2E248D2C8A004A80BD /* Quicksand-Bold.ttf */,
				A8471A2F248D2C8A004A80BD /* Quicksand-Light.ttf */,
				A8471A31248D2C8A004A80BD /* Quicksand-Medium.ttf */,
				A8471A30248D2C8A004A80BD /* Quicksand-Regular.ttf */,
			);
			path = Fonts;
			sourceTree = "<group>";
		};
		A8471A36248D350E004A80BD /* Model */ = {
			isa = PBXGroup;
			children = (
				A873BFD12497B399002BF85D /* Quiz */,
				A8471A4A248D542C004A80BD /* User.swift */,
				A85DCE8924920D0B006967A8 /* Quiz.swift */,
				A8B3BE352496120C00DA5905 /* Achievement.swift */,
			);
			path = Model;
			sourceTree = "<group>";
		};
		A8471A37248D3516004A80BD /* View */ = {
			isa = PBXGroup;
			children = (
				A8471A1F248D2AC4004A80BD /* Main.storyboard */,
				A8471A4C248D55A0004A80BD /* Tabbar.storyboard */,
			);
			path = View;
			sourceTree = "<group>";
		};
		A8471A39248D3926004A80BD /* Base */ = {
			isa = PBXGroup;
			children = (
				A8471A3A248D3939004A80BD /* Constant.swift */,
				A8471A44248D3FF4004A80BD /* BaseViewController.swift */,
				A8471A48248D50C4004A80BD /* Extensions.swift */,
				A8253B422495382C00310EC0 /* SessionData.swift */,
				A8B3BE3B2496838F00DA5905 /* RandomNumber.swift */,
			);
			path = Base;
			sourceTree = "<group>";
		};
		A8471A3D248D3B1E004A80BD /* Controller */ = {
			isa = PBXGroup;
			children = (
				A835BEF1249BD2BA00EE27A3 /* ForgotPassword */,
				A8FB6969249A8F59008BDB9F /* ForceUpdate */,
				A8471A43248D3DD5004A80BD /* Login */,
				A8471A3E248D3B27004A80BD /* Register */,
				A8BA44BE249127CC0003C109 /* TabQuiz */,
				A8BA44C1249129350003C109 /* TabAccount */,
			);
			path = Controller;
			sourceTree = "<group>";
		};
		A8471A3E248D3B27004A80BD /* Register */ = {
			isa = PBXGroup;
			children = (
				A8471A3F248D3B4A004A80BD /* RegisterVC.swift */,
				A8471A40248D3B4A004A80BD /* RegisterVC.xib */,
			);
			path = Register;
			sourceTree = "<group>";
		};
		A8471A43248D3DD5004A80BD /* Login */ = {
			isa = PBXGroup;
			children = (
				A8471A1D248D2AC4004A80BD /* ViewController.swift */,
			);
			path = Login;
			sourceTree = "<group>";
		};
		A85DCE7F2491CAB7006967A8 /* Admin */ = {
			isa = PBXGroup;
			children = (
				A8253B3224951C2000310EC0 /* Revenue */,
				A8253B3124951C1700310EC0 /* User */,
				A85DCE842491CAF3006967A8 /* Quiz */,
			);
			path = Admin;
			sourceTree = "<group>";
		};
		A85DCE842491CAF3006967A8 /* Quiz */ = {
			isa = PBXGroup;
			children = (
				A85DCE802491CAE2006967A8 /* QuizManagementVC.swift */,
				A85DCE812491CAE2006967A8 /* QuizManagementVC.xib */,
				A85DCE852491CB10006967A8 /* NewQuizVC.swift */,
				A85DCE862491CB10006967A8 /* NewQuizVC.xib */,
			);
			path = Quiz;
			sourceTree = "<group>";
		};
		A873BFD12497B399002BF85D /* Quiz */ = {
			isa = PBXGroup;
			children = (
				A8B3BE3F2496937000DA5905 /* AnimalQuiz.swift */,
				A873BFD22497B3B2002BF85D /* CampingQuiz.swift */,
				A873BFD42497C762002BF85D /* WeaponQuiz.swift */,
				A873BFD62497CEBD002BF85D /* JobQuiz.swift */,
				A8FB6967249A7455008BDB9F /* SportQuiz.swift */,
				A835BEEF249BC34500EE27A3 /* VehicleQuiz.swift */,
			);
			path = Quiz;
			sourceTree = "<group>";
		};
		A8B3BE302496107000DA5905 /* Achievement */ = {
			isa = PBXGroup;
			children = (
				A8B3BE31249610A500DA5905 /* AchievementVC.swift */,
				A8B3BE32249610A500DA5905 /* AchievementVC.xib */,
			);
			path = Achievement;
			sourceTree = "<group>";
		};
		A8BA44BE249127CC0003C109 /* TabQuiz */ = {
			isa = PBXGroup;
			children = (
				A83A80DF24926C7D00D76D15 /* CollectionCell */,
				A8BA44BF249128340003C109 /* QuizVC.swift */,
				A806D40F2492847C00534999 /* PlayingQuizVC.swift */,
				A806D4102492847C00534999 /* PlayingQuizVC.xib */,
				A80884E024A4F73C0092EA07 /* ShoppingVC.swift */,
				A80884E124A4F73C0092EA07 /* ShoppingVC.xib */,
			);
			path = TabQuiz;
			sourceTree = "<group>";
		};
		A8BA44C1249129350003C109 /* TabAccount */ = {
			isa = PBXGroup;
			children = (
				A8253B3C2495334900310EC0 /* User */,
				A85DCE7F2491CAB7006967A8 /* Admin */,
				A8BA44C22491296C0003C109 /* AccountVC.swift */,
			);
			path = TabAccount;
			sourceTree = "<group>";
		};
		A8FB6969249A8F59008BDB9F /* ForceUpdate */ = {
			isa = PBXGroup;
			children = (
				A8FB696A249A8F69008BDB9F /* ForceUpdateVC.swift */,
				A8FB696B249A8F69008BDB9F /* ForceUpdateVC.xib */,
			);
			path = ForceUpdate;
			sourceTree = "<group>";
		};
		D64A3100FF84B6FE02B22400 /* Frameworks */ = {
			isa = PBXGroup;
			children = (
				A8D318FC24A0EE4D00475C0A /* StoreKit.framework */,
				8732FED21292212D8C709A2D /* Pods_FunnyQuiz.framework */,
			);
			name = Frameworks;
			sourceTree = "<group>";
		};
/* End PBXGroup section */

/* Begin PBXNativeTarget section */
		A8471A15248D2AC4004A80BD /* FunnyQuiz */ = {
			isa = PBXNativeTarget;
			buildConfigurationList = A8471A2A248D2AC5004A80BD /* Build configuration list for PBXNativeTarget "FunnyQuiz" */;
			buildPhases = (
				1AC48C608B35542AF807529B /* [CP] Check Pods Manifest.lock */,
				A8471A12248D2AC4004A80BD /* Sources */,
				A8471A13248D2AC4004A80BD /* Frameworks */,
				A8471A14248D2AC4004A80BD /* Resources */,
				C0F2E2AF3491FD3AB31E0516 /* [CP] Embed Pods Frameworks */,
			);
			buildRules = (
			);
			dependencies = (
			);
			name = FunnyQuiz;
			productName = FunnyQuiz;
			productReference = A8471A16248D2AC4004A80BD /* FunnyQuiz.app */;
			productType = "com.apple.product-type.application";
		};
/* End PBXNativeTarget section */

/* Begin PBXProject section */
		A8471A0E248D2AC4004A80BD /* Project object */ = {
			isa = PBXProject;
			attributes = {
				LastSwiftUpdateCheck = 1130;
				LastUpgradeCheck = 1130;
				ORGANIZATIONNAME = Fighting;
				TargetAttributes = {
					A8471A15248D2AC4004A80BD = {
						CreatedOnToolsVersion = 11.3.1;
					};
				};
			};
			buildConfigurationList = A8471A11248D2AC4004A80BD /* Build configuration list for PBXProject "FunnyQuiz" */;
			compatibilityVersion = "Xcode 9.3";
			developmentRegion = en;
			hasScannedForEncodings = 0;
			knownRegions = (
				en,
				Base,
			);
			mainGroup = A8471A0D248D2AC4004A80BD;
			productRefGroup = A8471A17248D2AC4004A80BD /* Products */;
			projectDirPath = "";
			projectRoot = "";
			targets = (
				A8471A15248D2AC4004A80BD /* FunnyQuiz */,
			);
		};
/* End PBXProject section */

/* Begin PBXResourcesBuildPhase section */
		A8471A14248D2AC4004A80BD /* Resources */ = {
			isa = PBXResourcesBuildPhase;
			buildActionMask = 2147483647;
			files = (
				A8471A4D248D55A0004A80BD /* Tabbar.storyboard in Resources */,
				A8B3BE3A249667EB00DA5905 /* RevenueVC.xib in Resources */,
				A8471A26248D2AC5004A80BD /* LaunchScreen.storyboard in Resources */,
				A8471A34248D2C8A004A80BD /* Quicksand-Regular.ttf in Resources */,
				A8253B412495339500310EC0 /* ChangePasswordVC.xib in Resources */,
				A8253B3B24951CE200310EC0 /* UserCell.xib in Resources */,
				A80884E324A4F73C0092EA07 /* ShoppingVC.xib in Resources */,
				A8253B3624951C3D00310EC0 /* ListUserVC.xib in Resources */,
				A83A80DE24926C7600D76D15 /* QuizColCell.xib in Resources */,
				A8471A35248D2C8A004A80BD /* Quicksand-Medium.ttf in Resources */,
				A8FB696D249A8F69008BDB9F /* ForceUpdateVC.xib in Resources */,
				A8B3BE34249610A500DA5905 /* AchievementVC.xib in Resources */,
				A8471A23248D2AC5004A80BD /* Assets.xcassets in Resources */,
				A8471A21248D2AC4004A80BD /* Main.storyboard in Resources */,
				A85DCE882491CB10006967A8 /* NewQuizVC.xib in Resources */,
				A806D4122492847C00534999 /* PlayingQuizVC.xib in Resources */,
				A8471A42248D3B4A004A80BD /* RegisterVC.xib in Resources */,
				A835BEF5249BD2E700EE27A3 /* ForgotPasswordVC.xib in Resources */,
				A85DCE832491CAE2006967A8 /* QuizManagementVC.xib in Resources */,
				A8471A32248D2C8A004A80BD /* Quicksand-Bold.ttf in Resources */,
				A8471A47248D481F004A80BD /* GoogleService-Info.plist in Resources */,
				A8471A33248D2C8A004A80BD /* Quicksand-Light.ttf in Resources */,
			);
			runOnlyForDeploymentPostprocessing = 0;
		};
/* End PBXResourcesBuildPhase section */

/* Begin PBXShellScriptBuildPhase section */
		1AC48C608B35542AF807529B /* [CP] Check Pods Manifest.lock */ = {
			isa = PBXShellScriptBuildPhase;
			buildActionMask = 2147483647;
			files = (
			);
			inputFileListPaths = (
			);
			inputPaths = (
				"${PODS_PODFILE_DIR_PATH}/Podfile.lock",
				"${PODS_ROOT}/Manifest.lock",
			);
			name = "[CP] Check Pods Manifest.lock";
			outputFileListPaths = (
			);
			outputPaths = (
				"$(DERIVED_FILE_DIR)/Pods-FunnyQuiz-checkManifestLockResult.txt",
			);
			runOnlyForDeploymentPostprocessing = 0;
			shellPath = /bin/sh;
			shellScript = "diff \"${PODS_PODFILE_DIR_PATH}/Podfile.lock\" \"${PODS_ROOT}/Manifest.lock\" > /dev/null\nif [ $? != 0 ] ; then\n    # print error to STDERR\n    echo \"error: The sandbox is not in sync with the Podfile.lock. Run 'pod install' or update your CocoaPods installation.\" >&2\n    exit 1\nfi\n# This output is used by Xcode 'outputs' to avoid re-running this script phase.\necho \"SUCCESS\" > \"${SCRIPT_OUTPUT_FILE_0}\"\n";
			showEnvVarsInLog = 0;
		};
		C0F2E2AF3491FD3AB31E0516 /* [CP] Embed Pods Frameworks */ = {
			isa = PBXShellScriptBuildPhase;
			buildActionMask = 2147483647;
			files = (
			);
			inputFileListPaths = (
			);
			inputPaths = (
				"${PODS_ROOT}/Target Support Files/Pods-FunnyQuiz/Pods-FunnyQuiz-frameworks.sh",
				"${BUILT_PRODUCTS_DIR}/ActionSheetPicker-3.0/ActionSheetPicker_3_0.framework",
				"${BUILT_PRODUCTS_DIR}/GTMSessionFetcher/GTMSessionFetcher.framework",
				"${BUILT_PRODUCTS_DIR}/GoogleUtilities/GoogleUtilities.framework",
				"${BUILT_PRODUCTS_DIR}/IQKeyboardManagerSwift/IQKeyboardManagerSwift.framework",
				"${BUILT_PRODUCTS_DIR}/NVActivityIndicatorView/NVActivityIndicatorView.framework",
				"${BUILT_PRODUCTS_DIR}/PromisesObjC/FBLPromises.framework",
				"${BUILT_PRODUCTS_DIR}/Protobuf/protobuf.framework",
				"${BUILT_PRODUCTS_DIR}/QuickLayout/QuickLayout.framework",
				"${BUILT_PRODUCTS_DIR}/SDWebImage/SDWebImage.framework",
				"${BUILT_PRODUCTS_DIR}/SwiftEntryKit/SwiftEntryKit.framework",
				"${BUILT_PRODUCTS_DIR}/Toast-Swift/Toast_Swift.framework",
				"${BUILT_PRODUCTS_DIR}/leveldb-library/leveldb.framework",
				"${BUILT_PRODUCTS_DIR}/nanopb/nanopb.framework",
			);
			name = "[CP] Embed Pods Frameworks";
			outputFileListPaths = (
			);
			outputPaths = (
				"${TARGET_BUILD_DIR}/${FRAMEWORKS_FOLDER_PATH}/ActionSheetPicker_3_0.framework",
				"${TARGET_BUILD_DIR}/${FRAMEWORKS_FOLDER_PATH}/GTMSessionFetcher.framework",
				"${TARGET_BUILD_DIR}/${FRAMEWORKS_FOLDER_PATH}/GoogleUtilities.framework",
				"${TARGET_BUILD_DIR}/${FRAMEWORKS_FOLDER_PATH}/IQKeyboardManagerSwift.framework",
				"${TARGET_BUILD_DIR}/${FRAMEWORKS_FOLDER_PATH}/NVActivityIndicatorView.framework",
				"${TARGET_BUILD_DIR}/${FRAMEWORKS_FOLDER_PATH}/FBLPromises.framework",
				"${TARGET_BUILD_DIR}/${FRAMEWORKS_FOLDER_PATH}/protobuf.framework",
				"${TARGET_BUILD_DIR}/${FRAMEWORKS_FOLDER_PATH}/QuickLayout.framework",
				"${TARGET_BUILD_DIR}/${FRAMEWORKS_FOLDER_PATH}/SDWebImage.framework",
				"${TARGET_BUILD_DIR}/${FRAMEWORKS_FOLDER_PATH}/SwiftEntryKit.framework",
				"${TARGET_BUILD_DIR}/${FRAMEWORKS_FOLDER_PATH}/Toast_Swift.framework",
				"${TARGET_BUILD_DIR}/${FRAMEWORKS_FOLDER_PATH}/leveldb.framework",
				"${TARGET_BUILD_DIR}/${FRAMEWORKS_FOLDER_PATH}/nanopb.framework",
			);
			runOnlyForDeploymentPostprocessing = 0;
			shellPath = /bin/sh;
			shellScript = "\"${PODS_ROOT}/Target Support Files/Pods-FunnyQuiz/Pods-FunnyQuiz-frameworks.sh\"\n";
			showEnvVarsInLog = 0;
		};
/* End PBXShellScriptBuildPhase section */

/* Begin PBXSourcesBuildPhase section */
		A8471A12248D2AC4004A80BD /* Sources */ = {
			isa = PBXSourcesBuildPhase;
			buildActionMask = 2147483647;
			files = (
				A8253B402495339500310EC0 /* ChangePasswordVC.swift in Sources */,
				A8471A1E248D2AC4004A80BD /* ViewController.swift in Sources */,
				A8471A1A248D2AC4004A80BD /* AppDelegate.swift in Sources */,
				A85DCE8A24920D0B006967A8 /* Quiz.swift in Sources */,
				A8471A1C248D2AC4004A80BD /* SceneDelegate.swift in Sources */,
				A8B3BE362496120C00DA5905 /* Achievement.swift in Sources */,
				A8B3BE402496937000DA5905 /* AnimalQuiz.swift in Sources */,
				A835BEF4249BD2E700EE27A3 /* ForgotPasswordVC.swift in Sources */,
				A835BEF0249BC34500EE27A3 /* VehicleQuiz.swift in Sources */,
				A806D4112492847C00534999 /* PlayingQuizVC.swift in Sources */,
				A8253B432495382C00310EC0 /* SessionData.swift in Sources */,
				A873BFD72497CEBD002BF85D /* JobQuiz.swift in Sources */,
				A80884E224A4F73C0092EA07 /* ShoppingVC.swift in Sources */,
				A83A80DD24926C7600D76D15 /* QuizColCell.swift in Sources */,
				A8471A3B248D3939004A80BD /* Constant.swift in Sources */,
				A8FB696C249A8F69008BDB9F /* ForceUpdateVC.swift in Sources */,
				A873BFD32497B3B2002BF85D /* CampingQuiz.swift in Sources */,
				A8BA44C0249128340003C109 /* QuizVC.swift in Sources */,
				A8471A4B248D542C004A80BD /* User.swift in Sources */,
				A8FB6968249A7455008BDB9F /* SportQuiz.swift in Sources */,
				A873BFD52497C762002BF85D /* WeaponQuiz.swift in Sources */,
				A8BA44C32491296C0003C109 /* AccountVC.swift in Sources */,
				A8471A41248D3B4A004A80BD /* RegisterVC.swift in Sources */,
				A8253B3524951C3D00310EC0 /* ListUserVC.swift in Sources */,
				A8B3BE33249610A500DA5905 /* AchievementVC.swift in Sources */,
				A8B3BE3C2496838F00DA5905 /* RandomNumber.swift in Sources */,
				A85DCE822491CAE2006967A8 /* QuizManagementVC.swift in Sources */,
				A8471A45248D3FF4004A80BD /* BaseViewController.swift in Sources */,
				A8253B3A24951CE200310EC0 /* UserCell.swift in Sources */,
				A85DCE872491CB10006967A8 /* NewQuizVC.swift in Sources */,
				A8471A49248D50C4004A80BD /* Extensions.swift in Sources */,
				A8B3BE39249667EB00DA5905 /* RevenueVC.swift in Sources */,
			);
			runOnlyForDeploymentPostprocessing = 0;
		};
/* End PBXSourcesBuildPhase section */

/* Begin PBXVariantGroup section */
		A8471A1F248D2AC4004A80BD /* Main.storyboard */ = {
			isa = PBXVariantGroup;
			children = (
				A8471A20248D2AC4004A80BD /* Base */,
			);
			name = Main.storyboard;
			sourceTree = "<group>";
		};
		A8471A24248D2AC5004A80BD /* LaunchScreen.storyboard */ = {
			isa = PBXVariantGroup;
			children = (
				A8471A25248D2AC5004A80BD /* Base */,
			);
			name = LaunchScreen.storyboard;
			sourceTree = "<group>";
		};
/* End PBXVariantGroup section */

/* Begin XCBuildConfiguration section */
		A8471A28248D2AC5004A80BD /* Debug */ = {
			isa = XCBuildConfiguration;
			buildSettings = {
				ALWAYS_SEARCH_USER_PATHS = NO;
				CLANG_ANALYZER_NONNULL = YES;
				CLANG_ANALYZER_NUMBER_OBJECT_CONVERSION = YES_AGGRESSIVE;
				CLANG_CXX_LANGUAGE_STANDARD = "gnu++14";
				CLANG_CXX_LIBRARY = "libc++";
				CLANG_ENABLE_MODULES = YES;
				CLANG_ENABLE_OBJC_ARC = YES;
				CLANG_ENABLE_OBJC_WEAK = YES;
				CLANG_WARN_BLOCK_CAPTURE_AUTORELEASING = YES;
				CLANG_WARN_BOOL_CONVERSION = YES;
				CLANG_WARN_COMMA = YES;
				CLANG_WARN_CONSTANT_CONVERSION = YES;
				CLANG_WARN_DEPRECATED_OBJC_IMPLEMENTATIONS = YES;
				CLANG_WARN_DIRECT_OBJC_ISA_USAGE = YES_ERROR;
				CLANG_WARN_DOCUMENTATION_COMMENTS = YES;
				CLANG_WARN_EMPTY_BODY = YES;
				CLANG_WARN_ENUM_CONVERSION = YES;
				CLANG_WARN_INFINITE_RECURSION = YES;
				CLANG_WARN_INT_CONVERSION = YES;
				CLANG_WARN_NON_LITERAL_NULL_CONVERSION = YES;
				CLANG_WARN_OBJC_IMPLICIT_RETAIN_SELF = YES;
				CLANG_WARN_OBJC_LITERAL_CONVERSION = YES;
				CLANG_WARN_OBJC_ROOT_CLASS = YES_ERROR;
				CLANG_WARN_RANGE_LOOP_ANALYSIS = YES;
				CLANG_WARN_STRICT_PROTOTYPES = YES;
				CLANG_WARN_SUSPICIOUS_MOVE = YES;
				CLANG_WARN_UNGUARDED_AVAILABILITY = YES_AGGRESSIVE;
				CLANG_WARN_UNREACHABLE_CODE = YES;
				CLANG_WARN__DUPLICATE_METHOD_MATCH = YES;
				COPY_PHASE_STRIP = NO;
				DEBUG_INFORMATION_FORMAT = dwarf;
				ENABLE_STRICT_OBJC_MSGSEND = YES;
				ENABLE_TESTABILITY = YES;
				GCC_C_LANGUAGE_STANDARD = gnu11;
				GCC_DYNAMIC_NO_PIC = NO;
				GCC_NO_COMMON_BLOCKS = YES;
				GCC_OPTIMIZATION_LEVEL = 0;
				GCC_PREPROCESSOR_DEFINITIONS = (
					"DEBUG=1",
					"$(inherited)",
				);
				GCC_WARN_64_TO_32_BIT_CONVERSION = YES;
				GCC_WARN_ABOUT_RETURN_TYPE = YES_ERROR;
				GCC_WARN_UNDECLARED_SELECTOR = YES;
				GCC_WARN_UNINITIALIZED_AUTOS = YES_AGGRESSIVE;
				GCC_WARN_UNUSED_FUNCTION = YES;
				GCC_WARN_UNUSED_VARIABLE = YES;
				IPHONEOS_DEPLOYMENT_TARGET = 13.2;
				MTL_ENABLE_DEBUG_INFO = INCLUDE_SOURCE;
				MTL_FAST_MATH = YES;
				ONLY_ACTIVE_ARCH = YES;
				SDKROOT = iphoneos;
				SWIFT_ACTIVE_COMPILATION_CONDITIONS = DEBUG;
				SWIFT_OPTIMIZATION_LEVEL = "-Onone";
			};
			name = Debug;
		};
		A8471A29248D2AC5004A80BD /* Release */ = {
			isa = XCBuildConfiguration;
			buildSettings = {
				ALWAYS_SEARCH_USER_PATHS = NO;
				CLANG_ANALYZER_NONNULL = YES;
				CLANG_ANALYZER_NUMBER_OBJECT_CONVERSION = YES_AGGRESSIVE;
				CLANG_CXX_LANGUAGE_STANDARD = "gnu++14";
				CLANG_CXX_LIBRARY = "libc++";
				CLANG_ENABLE_MODULES = YES;
				CLANG_ENABLE_OBJC_ARC = YES;
				CLANG_ENABLE_OBJC_WEAK = YES;
				CLANG_WARN_BLOCK_CAPTURE_AUTORELEASING = YES;
				CLANG_WARN_BOOL_CONVERSION = YES;
				CLANG_WARN_COMMA = YES;
				CLANG_WARN_CONSTANT_CONVERSION = YES;
				CLANG_WARN_DEPRECATED_OBJC_IMPLEMENTATIONS = YES;
				CLANG_WARN_DIRECT_OBJC_ISA_USAGE = YES_ERROR;
				CLANG_WARN_DOCUMENTATION_COMMENTS = YES;
				CLANG_WARN_EMPTY_BODY = YES;
				CLANG_WARN_ENUM_CONVERSION = YES;
				CLANG_WARN_INFINITE_RECURSION = YES;
				CLANG_WARN_INT_CONVERSION = YES;
				CLANG_WARN_NON_LITERAL_NULL_CONVERSION = YES;
				CLANG_WARN_OBJC_IMPLICIT_RETAIN_SELF = YES;
				CLANG_WARN_OBJC_LITERAL_CONVERSION = YES;
				CLANG_WARN_OBJC_ROOT_CLASS = YES_ERROR;
				CLANG_WARN_RANGE_LOOP_ANALYSIS = YES;
				CLANG_WARN_STRICT_PROTOTYPES = YES;
				CLANG_WARN_SUSPICIOUS_MOVE = YES;
				CLANG_WARN_UNGUARDED_AVAILABILITY = YES_AGGRESSIVE;
				CLANG_WARN_UNREACHABLE_CODE = YES;
				CLANG_WARN__DUPLICATE_METHOD_MATCH = YES;
				COPY_PHASE_STRIP = NO;
				DEBUG_INFORMATION_FORMAT = "dwarf-with-dsym";
				ENABLE_NS_ASSERTIONS = NO;
				ENABLE_STRICT_OBJC_MSGSEND = YES;
				GCC_C_LANGUAGE_STANDARD = gnu11;
				GCC_NO_COMMON_BLOCKS = YES;
				GCC_WARN_64_TO_32_BIT_CONVERSION = YES;
				GCC_WARN_ABOUT_RETURN_TYPE = YES_ERROR;
				GCC_WARN_UNDECLARED_SELECTOR = YES;
				GCC_WARN_UNINITIALIZED_AUTOS = YES_AGGRESSIVE;
				GCC_WARN_UNUSED_FUNCTION = YES;
				GCC_WARN_UNUSED_VARIABLE = YES;
				IPHONEOS_DEPLOYMENT_TARGET = 13.2;
				MTL_ENABLE_DEBUG_INFO = NO;
				MTL_FAST_MATH = YES;
				SDKROOT = iphoneos;
				SWIFT_COMPILATION_MODE = wholemodule;
				SWIFT_OPTIMIZATION_LEVEL = "-O";
				VALIDATE_PRODUCT = YES;
			};
			name = Release;
		};
		A8471A2B248D2AC5004A80BD /* Debug */ = {
			isa = XCBuildConfiguration;
			baseConfigurationReference = 8E8374FE6B4F3F09C774EDC8 /* Pods-FunnyQuiz.debug.xcconfig */;
			buildSettings = {
				ASSETCATALOG_COMPILER_APPICON_NAME = AppIcon;
				CODE_SIGN_ENTITLEMENTS = FunnyQuiz/FunnyQuiz.entitlements;
				CODE_SIGN_STYLE = Automatic;
				CURRENT_PROJECT_VERSION = 1;
				DEVELOPMENT_TEAM = 2J3K999PRZ;
				INFOPLIST_FILE = FunnyQuiz/Info.plist;
				IPHONEOS_DEPLOYMENT_TARGET = 11.0;
				LD_RUNPATH_SEARCH_PATHS = (
					"$(inherited)",
					"@executable_path/Frameworks",
				);
				MARKETING_VERSION = 1.1;
				PRODUCT_BUNDLE_IDENTIFIER = Fighting.FunnyQuiz;
				PRODUCT_NAME = "$(TARGET_NAME)";
				SWIFT_VERSION = 5.0;
				TARGETED_DEVICE_FAMILY = "1,2";
			};
			name = Debug;
		};
		A8471A2C248D2AC5004A80BD /* Release */ = {
			isa = XCBuildConfiguration;
			baseConfigurationReference = 6C93E7E2137CD065510360AD /* Pods-FunnyQuiz.release.xcconfig */;
			buildSettings = {
				ASSETCATALOG_COMPILER_APPICON_NAME = AppIcon;
				CODE_SIGN_ENTITLEMENTS = FunnyQuiz/FunnyQuiz.entitlements;
				CODE_SIGN_STYLE = Automatic;
				CURRENT_PROJECT_VERSION = 1;
				DEVELOPMENT_TEAM = 2J3K999PRZ;
				INFOPLIST_FILE = FunnyQuiz/Info.plist;
				IPHONEOS_DEPLOYMENT_TARGET = 11.0;
				LD_RUNPATH_SEARCH_PATHS = (
					"$(inherited)",
					"@executable_path/Frameworks",
				);
				MARKETING_VERSION = 1.1;
				PRODUCT_BUNDLE_IDENTIFIER = Fighting.FunnyQuiz;
				PRODUCT_NAME = "$(TARGET_NAME)";
				SWIFT_VERSION = 5.0;
				TARGETED_DEVICE_FAMILY = "1,2";
			};
			name = Release;
		};
/* End XCBuildConfiguration section */

/* Begin XCConfigurationList section */
		A8471A11248D2AC4004A80BD /* Build configuration list for PBXProject "FunnyQuiz" */ = {
			isa = XCConfigurationList;
			buildConfigurations = (
				A8471A28248D2AC5004A80BD /* Debug */,
				A8471A29248D2AC5004A80BD /* Release */,
			);
			defaultConfigurationIsVisible = 0;
			defaultConfigurationName = Release;
		};
		A8471A2A248D2AC5004A80BD /* Build configuration list for PBXNativeTarget "FunnyQuiz" */ = {
			isa = XCConfigurationList;
			buildConfigurations = (
				A8471A2B248D2AC5004A80BD /* Debug */,
				A8471A2C248D2AC5004A80BD /* Release */,
			);
			defaultConfigurationIsVisible = 0;
			defaultConfigurationName = Release;
		};
/* End XCConfigurationList section */
	};
	rootObject = A8471A0E248D2AC4004A80BD /* Project object */;
}
